
Microsoft Visual Studio Solution File, Format Version 12.00
# Visual Studio Version 17
VisualStudioVersion = 17.2.32602.215
MinimumVisualStudioVersion = 10.0.40219.1
Project("{9A19103F-16F7-4668-BE54-9A1E7A4F7556}") = "BulkyBook", "BulkyBook\BulkyBook.csproj", "{E0176751-00EB-4F23-B8CF-5099048CCFF4}"
	ProjectSection(ProjectDependencies) = postProject
		{5A297F4C-22F5-4BC3-A4BC-3D0436EC3734} = {5A297F4C-22F5-4BC3-A4BC-3D0436EC3734}
		{7097447A-6FB7-4820-912B-0B0C61F3BCB9} = {7097447A-6FB7-4820-912B-0B0C61F3BCB9}
	EndProjectSection
EndProject
Project("{9A19103F-16F7-4668-BE54-9A1E7A4F7556}") = "BulkyBook.DataAccess", "BulkyBook.DataAccess\BulkyBook.DataAccess.csproj", "{1505C0A0-3E78-420D-AE65-3691DFC5A0C8}"
EndProject
Project("{9A19103F-16F7-4668-BE54-9A1E7A4F7556}") = "BulkyBook.Models", "BulkyBook.Models\BulkyBook.Models.csproj", "{5A297F4C-22F5-4BC3-A4BC-3D0436EC3734}"
EndProject
Project("{9A19103F-16F7-4668-BE54-9A1E7A4F7556}") = "BulkyBook.Utility", "BulkyBook.Utility\BulkyBook.Utility.csproj", "{7097447A-6FB7-4820-912B-0B0C61F3BCB9}"
EndProject
Global
	GlobalSection(SolutionConfigurationPlatforms) = preSolution
		Debug|Any CPU = Debug|Any CPU
		Release|Any CPU = Release|Any CPU
	EndGlobalSection
	GlobalSection(ProjectConfigurationPlatforms) = postSolution
		{E0176751-00EB-4F23-B8CF-5099048CCFF4}.Debug|Any CPU.ActiveCfg = Debug|Any CPU
		{E0176751-00EB-4F23-B8CF-5099048CCFF4}.Debug|Any CPU.Build.0 = Debug|Any CPU
		{E0176751-00EB-4F23-B8CF-5099048CCFF4}.Release|Any CPU.ActiveCfg = Release|Any CPU
		{E0176751-00EB-4F23-B8CF-5099048CCFF4}.Release|Any CPU.Build.0 = Release|Any CPU
		{1505C0A0-3E78-420D-AE65-3691DFC5A0C8}.Debug|Any CPU.ActiveCfg = Debug|Any CPU
		{1505C0A0-3E78-420D-AE65-3691DFC5A0C8}.Debug|Any CPU.Build.0 = Debug|Any CPU
		{1505C0A0-3E78-420D-AE65-3691DFC5A0C8}.Release|Any CPU.ActiveCfg = Release|Any CPU
		{1505C0A0-3E78-420D-AE65-3691DFC5A0C8}.Release|Any CPU.Build.0 = Release|Any CPU
		{5A297F4C-22F5-4BC3-A4BC-3D0436EC3734}.Debug|Any CPU.ActiveCfg = Debug|Any CPU
		{5A297F4C-22F5-4BC3-A4BC-3D0436EC3734}.Debug|Any CPU.Build.0 = Debug|Any CPU
		{5A297F4C-22F5-4BC3-A4BC-3D0436EC3734}.Release|Any CPU.ActiveCfg = Release|Any CPU
		{5A297F4C-22F5-4BC3-A4BC-3D0436EC3734}.Release|Any CPU.Build.0 = Release|Any CPU
		{7097447A-6FB7-4820-912B-0B0C61F3BCB9}.Debug|Any CPU.ActiveCfg = Debug|Any CPU
		{7097447A-6FB7-4820-912B-0B0C61F3BCB9}.Debug|Any CPU.Build.0 = Debug|Any CPU
		{7097447A-6FB7-4820-912B-0B0C61F3BCB9}.Release|Any CPU.ActiveCfg = Release|Any CPU
		{7097447A-6FB7-4820-912B-0B0C61F3BCB9}.Release|Any CPU.Build.0 = Release|Any CPU
	EndGlobalSection
	GlobalSection(SolutionProperties) = preSolution
		HideSolutionNode = FALSE
	EndGlobalSection
	GlobalSection(ExtensibilityGlobals) = postSolution
		SolutionGuid = {82E85379-A3D0-4BB4-9BBE-3ADC682905EA}
	EndGlobalSection
EndGlobal
